// !$*UTF8*$!
{
	archiveVersion = 1;
	classes = {
	};
	objectVersion = 56;
	objects = {

/* Begin PBXBuildFile section */
		ED2D56A12AD852C90086226C /* AppDelegate.swift in Sources */ = {isa = PBXBuildFile; fileRef = ED2D56A02AD852C90086226C /* AppDelegate.swift */; };
		ED2D56A32AD852C90086226C /* SceneDelegate.swift in Sources */ = {isa = PBXBuildFile; fileRef = ED2D56A22AD852C90086226C /* SceneDelegate.swift */; };
		ED2D56A52AD852C90086226C /* ViewController.swift in Sources */ = {isa = PBXBuildFile; fileRef = ED2D56A42AD852C90086226C /* ViewController.swift */; };
		ED2D56A82AD852C90086226C /* Main.storyboard in Resources */ = {isa = PBXBuildFile; fileRef = ED2D56A62AD852C90086226C /* Main.storyboard */; };
		ED2D56AA2AD852CA0086226C /* Assets.xcassets in Resources */ = {isa = PBXBuildFile; fileRef = ED2D56A92AD852CA0086226C /* Assets.xcassets */; };
		ED2D56AD2AD852CA0086226C /* LaunchScreen.storyboard in Resources */ = {isa = PBXBuildFile; fileRef = ED2D56AB2AD852CA0086226C /* LaunchScreen.storyboard */; };
		ED2D56B82AD852CA0086226C /* QuizAppTests.swift in Sources */ = {isa = PBXBuildFile; fileRef = ED2D56B72AD852CA0086226C /* QuizAppTests.swift */; };
		ED2D56C22AD852CA0086226C /* QuizAppUITests.swift in Sources */ = {isa = PBXBuildFile; fileRef = ED2D56C12AD852CA0086226C /* QuizAppUITests.swift */; };
		ED2D56C42AD852CA0086226C /* QuizAppUITestsLaunchTests.swift in Sources */ = {isa = PBXBuildFile; fileRef = ED2D56C32AD852CA0086226C /* QuizAppUITestsLaunchTests.swift */; };
		ED2D56D12AD857200086226C /* HomeVC.swift in Sources */ = {isa = PBXBuildFile; fileRef = ED2D56D02AD857200086226C /* HomeVC.swift */; };
		ED2D56D32AD857280086226C /* QuizVC.swift in Sources */ = {isa = PBXBuildFile; fileRef = ED2D56D22AD857280086226C /* QuizVC.swift */; };
		ED2D56D52AD872620086226C /* Pergunta.swift in Sources */ = {isa = PBXBuildFile; fileRef = ED2D56D42AD872620086226C /* Pergunta.swift */; };
		ED2D56D72AD886840086226C /* ParabensVC.swift in Sources */ = {isa = PBXBuildFile; fileRef = ED2D56D62AD886840086226C /* ParabensVC.swift */; };
		ED2D56D92AD89B240086226C /* Utils.swift in Sources */ = {isa = PBXBuildFile; fileRef = ED2D56D82AD89B240086226C /* Utils.swift */; };
		EDEAB70C2AF2E39800EB207C /* QuizViewModel.swift in Sources */ = {isa = PBXBuildFile; fileRef = EDEAB70B2AF2E39800EB207C /* QuizViewModel.swift */; };
		EDEAB70E2AF2EA0900EB207C /* EliminarAltsVC.swift in Sources */ = {isa = PBXBuildFile; fileRef = EDEAB70D2AF2EA0900EB207C /* EliminarAltsVC.swift */; };
/* End PBXBuildFile section */

/* Begin PBXContainerItemProxy section */
		ED2D56B42AD852CA0086226C /* PBXContainerItemProxy */ = {
			isa = PBXContainerItemProxy;
			containerPortal = ED2D56952AD852C90086226C /* Project object */;
			proxyType = 1;
			remoteGlobalIDString = ED2D569C2AD852C90086226C;
			remoteInfo = QuizApp;
		};
		ED2D56BE2AD852CA0086226C /* PBXContainerItemProxy */ = {
			isa = PBXContainerItemProxy;
			containerPortal = ED2D56952AD852C90086226C /* Project object */;
			proxyType = 1;
			remoteGlobalIDString = ED2D569C2AD852C90086226C;
			remoteInfo = QuizApp;
		};
/* End PBXContainerItemProxy section */

/* Begin PBXFileReference section */
		ED2D569D2AD852C90086226C /* QuizApp.app */ = {isa = PBXFileReference; explicitFileType = wrapper.application; includeInIndex = 0; path = QuizApp.app; sourceTree = BUILT_PRODUCTS_DIR; };
		ED2D56A02AD852C90086226C /* AppDelegate.swift */ = {isa = PBXFileReference; lastKnownFileType = sourcecode.swift; path = AppDelegate.swift; sourceTree = "<group>"; };
		ED2D56A22AD852C90086226C /* SceneDelegate.swift */ = {isa = PBXFileReference; lastKnownFileType = sourcecode.swift; path = SceneDelegate.swift; sourceTree = "<group>"; };
		ED2D56A42AD852C90086226C /* ViewController.swift */ = {isa = PBXFileReference; lastKnownFileType = sourcecode.swift; path = ViewController.swift; sourceTree = "<group>"; };
		ED2D56A72AD852C90086226C /* Base */ = {isa = PBXFileReference; lastKnownFileType = file.storyboard; name = Base; path = Base.lproj/Main.storyboard; sourceTree = "<group>"; };
		ED2D56A92AD852CA0086226C /* Assets.xcassets */ = {isa = PBXFileReference; lastKnownFileType = folder.assetcatalog; path = Assets.xcassets; sourceTree = "<group>"; };
		ED2D56AC2AD852CA0086226C /* Base */ = {isa = PBXFileReference; lastKnownFileType = file.storyboard; name = Base; path = Base.lproj/LaunchScreen.storyboard; sourceTree = "<group>"; };
		ED2D56AE2AD852CA0086226C /* Info.plist */ = {isa = PBXFileReference; lastKnownFileType = text.plist.xml; path = Info.plist; sourceTree = "<group>"; };
		ED2D56B32AD852CA0086226C /* QuizAppTests.xctest */ = {isa = PBXFileReference; explicitFileType = wrapper.cfbundle; includeInIndex = 0; path = QuizAppTests.xctest; sourceTree = BUILT_PRODUCTS_DIR; };
		ED2D56B72AD852CA0086226C /* QuizAppTests.swift */ = {isa = PBXFileReference; lastKnownFileType = sourcecode.swift; path = QuizAppTests.swift; sourceTree = "<group>"; };
		ED2D56BD2AD852CA0086226C /* QuizAppUITests.xctest */ = {isa = PBXFileReference; explicitFileType = wrapper.cfbundle; includeInIndex = 0; path = QuizAppUITests.xctest; sourceTree = BUILT_PRODUCTS_DIR; };
		ED2D56C12AD852CA0086226C /* QuizAppUITests.swift */ = {isa = PBXFileReference; lastKnownFileType = sourcecode.swift; path = QuizAppUITests.swift; sourceTree = "<group>"; };
		ED2D56C32AD852CA0086226C /* QuizAppUITestsLaunchTests.swift */ = {isa = PBXFileReference; lastKnownFileType = sourcecode.swift; path = QuizAppUITestsLaunchTests.swift; sourceTree = "<group>"; };
		ED2D56D02AD857200086226C /* HomeVC.swift */ = {isa = PBXFileReference; lastKnownFileType = sourcecode.swift; path = HomeVC.swift; sourceTree = "<group>"; };
		ED2D56D22AD857280086226C /* QuizVC.swift */ = {isa = PBXFileReference; lastKnownFileType = sourcecode.swift; path = QuizVC.swift; sourceTree = "<group>"; };
		ED2D56D42AD872620086226C /* Pergunta.swift */ = {isa = PBXFileReference; lastKnownFileType = sourcecode.swift; path = Pergunta.swift; sourceTree = "<group>"; };
		ED2D56D62AD886840086226C /* ParabensVC.swift */ = {isa = PBXFileReference; lastKnownFileType = sourcecode.swift; path = ParabensVC.swift; sourceTree = "<group>"; };
		ED2D56D82AD89B240086226C /* Utils.swift */ = {isa = PBXFileReference; lastKnownFileType = sourcecode.swift; path = Utils.swift; sourceTree = "<group>"; };
		EDEAB70B2AF2E39800EB207C /* QuizViewModel.swift */ = {isa = PBXFileReference; lastKnownFileType = sourcecode.swift; path = QuizViewModel.swift; sourceTree = "<group>"; };
		EDEAB70D2AF2EA0900EB207C /* EliminarAltsVC.swift */ = {isa = PBXFileReference; lastKnownFileType = sourcecode.swift; path = EliminarAltsVC.swift; sourceTree = "<group>"; };
/* End PBXFileReference section */

/* Begin PBXFrameworksBuildPhase section */
		ED2D569A2AD852C90086226C /* Frameworks */ = {
			isa = PBXFrameworksBuildPhase;
			buildActionMask = 2147483647;
			files = (
			);
			runOnlyForDeploymentPostprocessing = 0;
		};
		ED2D56B02AD852CA0086226C /* Frameworks */ = {
			isa = PBXFrameworksBuildPhase;
			buildActionMask = 2147483647;
			files = (
			);
			runOnlyForDeploymentPostprocessing = 0;
		};
		ED2D56BA2AD852CA0086226C /* Frameworks */ = {
			isa = PBXFrameworksBuildPhase;
			buildActionMask = 2147483647;
			files = (
			);
			runOnlyForDeploymentPostprocessing = 0;
		};
/* End PBXFrameworksBuildPhase section */

/* Begin PBXGroup section */
		ED2D56942AD852C90086226C = {
			isa = PBXGroup;
			children = (
				ED2D569F2AD852C90086226C /* QuizApp */,
				ED2D56B62AD852CA0086226C /* QuizAppTests */,
				ED2D56C02AD852CA0086226C /* QuizAppUITests */,
				ED2D569E2AD852C90086226C /* Products */,
			);
			sourceTree = "<group>";
		};
		ED2D569E2AD852C90086226C /* Products */ = {
			isa = PBXGroup;
			children = (
				ED2D569D2AD852C90086226C /* QuizApp.app */,
				ED2D56B32AD852CA0086226C /* QuizAppTests.xctest */,
				ED2D56BD2AD852CA0086226C /* QuizAppUITests.xctest */,
			);
			name = Products;
			sourceTree = "<group>";
		};
		ED2D569F2AD852C90086226C /* QuizApp */ = {
			isa = PBXGroup;
			children = (
				ED2D56A02AD852C90086226C /* AppDelegate.swift */,
				ED2D56A22AD852C90086226C /* SceneDelegate.swift */,
				ED2D56A42AD852C90086226C /* ViewController.swift */,
				ED2D56A62AD852C90086226C /* Main.storyboard */,
				ED2D56A92AD852CA0086226C /* Assets.xcassets */,
				ED2D56AB2AD852CA0086226C /* LaunchScreen.storyboard */,
				ED2D56AE2AD852CA0086226C /* Info.plist */,
				ED2D56D02AD857200086226C /* HomeVC.swift */,
				ED2D56D22AD857280086226C /* QuizVC.swift */,
				ED2D56D42AD872620086226C /* Pergunta.swift */,
				ED2D56D62AD886840086226C /* ParabensVC.swift */,
				ED2D56D82AD89B240086226C /* Utils.swift */,
				EDEAB70B2AF2E39800EB207C /* QuizViewModel.swift */,
				EDEAB70D2AF2EA0900EB207C /* EliminarAltsVC.swift */,
			);
			path = QuizApp;
			sourceTree = "<group>";
		};
		ED2D56B62AD852CA0086226C /* QuizAppTests */ = {
			isa = PBXGroup;
			children = (
				ED2D56B72AD852CA0086226C /* QuizAppTests.swift */,
			);
			path = QuizAppTests;
			sourceTree = "<group>";
		};
		ED2D56C02AD852CA0086226C /* QuizAppUITests */ = {
			isa = PBXGroup;
			children = (
				ED2D56C12AD852CA0086226C /* QuizAppUITests.swift */,
				ED2D56C32AD852CA0086226C /* QuizAppUITestsLaunchTests.swift */,
			);
			path = QuizAppUITests;
			sourceTree = "<group>";
		};
/* End PBXGroup section */

/* Begin PBXNativeTarget section */
		ED2D569C2AD852C90086226C /* QuizApp */ = {
			isa = PBXNativeTarget;
			buildConfigurationList = ED2D56C72AD852CA0086226C /* Build configuration list for PBXNativeTarget "QuizApp" */;
			buildPhases = (
				ED2D56992AD852C90086226C /* Sources */,
				ED2D569A2AD852C90086226C /* Frameworks */,
				ED2D569B2AD852C90086226C /* Resources */,
			);
			buildRules = (
			);
			dependencies = (
			);
			name = QuizApp;
			productName = QuizApp;
			productReference = ED2D569D2AD852C90086226C /* QuizApp.app */;
			productType = "com.apple.product-type.application";
		};
		ED2D56B22AD852CA0086226C /* QuizAppTests */ = {
			isa = PBXNativeTarget;
			buildConfigurationList = ED2D56CA2AD852CA0086226C /* Build configuration list for PBXNativeTarget "QuizAppTests" */;
			buildPhases = (
				ED2D56AF2AD852CA0086226C /* Sources */,
				ED2D56B02AD852CA0086226C /* Frameworks */,
				ED2D56B12AD852CA0086226C /* Resources */,
			);
			buildRules = (
			);
			dependencies = (
				ED2D56B52AD852CA0086226C /* PBXTargetDependency */,
			);
			name = QuizAppTests;
			productName = QuizAppTests;
			productReference = ED2D56B32AD852CA0086226C /* QuizAppTests.xctest */;
			productType = "com.apple.product-type.bundle.unit-test";
		};
		ED2D56BC2AD852CA0086226C /* QuizAppUITests */ = {
			isa = PBXNativeTarget;
			buildConfigurationList = ED2D56CD2AD852CA0086226C /* Build configuration list for PBXNativeTarget "QuizAppUITests" */;
			buildPhases = (
				ED2D56B92AD852CA0086226C /* Sources */,
				ED2D56BA2AD852CA0086226C /* Frameworks */,
				ED2D56BB2AD852CA0086226C /* Resources */,
			);
			buildRules = (
			);
			dependencies = (
				ED2D56BF2AD852CA0086226C /* PBXTargetDependency */,
			);
			name = QuizAppUITests;
			productName = QuizAppUITests;
			productReference = ED2D56BD2AD852CA0086226C /* QuizAppUITests.xctest */;
			productType = "com.apple.product-type.bundle.ui-testing";
		};
/* End PBXNativeTarget section */

/* Begin PBXProject section */
		ED2D56952AD852C90086226C /* Project object */ = {
			isa = PBXProject;
			attributes = {
				BuildIndependentTargetsInParallel = 1;
				LastSwiftUpdateCheck = 1500;
				LastUpgradeCheck = 1500;
				TargetAttributes = {
					ED2D569C2AD852C90086226C = {
						CreatedOnToolsVersion = 15.0;
					};
					ED2D56B22AD852CA0086226C = {
						CreatedOnToolsVersion = 15.0;
						TestTargetID = ED2D569C2AD852C90086226C;
					};
					ED2D56BC2AD852CA0086226C = {
						CreatedOnToolsVersion = 15.0;
						TestTargetID = ED2D569C2AD852C90086226C;
					};
				};
			};
			buildConfigurationList = ED2D56982AD852C90086226C /* Build configuration list for PBXProject "QuizApp" */;
			compatibilityVersion = "Xcode 14.0";
			developmentRegion = en;
			hasScannedForEncodings = 0;
			knownRegions = (
				en,
				Base,
			);
			mainGroup = ED2D56942AD852C90086226C;
			productRefGroup = ED2D569E2AD852C90086226C /* Products */;
			projectDirPath = "";
			projectRoot = "";
			targets = (
				ED2D569C2AD852C90086226C /* QuizApp */,
				ED2D56B22AD852CA0086226C /* QuizAppTests */,
				ED2D56BC2AD852CA0086226C /* QuizAppUITests */,
			);
		};
/* End PBXProject section */

/* Begin PBXResourcesBuildPhase section */
		ED2D569B2AD852C90086226C /* Resources */ = {
			isa = PBXResourcesBuildPhase;
			buildActionMask = 2147483647;
			files = (
				ED2D56AD2AD852CA0086226C /* LaunchScreen.storyboard in Resources */,
				ED2D56AA2AD852CA0086226C /* Assets.xcassets in Resources */,
				ED2D56A82AD852C90086226C /* Main.storyboard in Resources */,
			);
			runOnlyForDeploymentPostprocessing = 0;
		};
		ED2D56B12AD852CA0086226C /* Resources */ = {
			isa = PBXResourcesBuildPhase;
			buildActionMask = 2147483647;
			files = (
			);
			runOnlyForDeploymentPostprocessing = 0;
		};
		ED2D56BB2AD852CA0086226C /* Resources */ = {
			isa = PBXResourcesBuildPhase;
			buildActionMask = 2147483647;
			files = (
			);
			runOnlyForDeploymentPostprocessing = 0;
		};
/* End PBXResourcesBuildPhase section */

/* Begin PBXSourcesBuildPhase section */
		ED2D56992AD852C90086226C /* Sources */ = {
			isa = PBXSourcesBuildPhase;
			buildActionMask = 2147483647;
			files = (
				ED2D56A52AD852C90086226C /* ViewController.swift in Sources */,
				ED2D56D52AD872620086226C /* Pergunta.swift in Sources */,
				ED2D56D32AD857280086226C /* QuizVC.swift in Sources */,
				ED2D56D72AD886840086226C /* ParabensVC.swift in Sources */,
				ED2D56D12AD857200086226C /* HomeVC.swift in Sources */,
				EDEAB70E2AF2EA0900EB207C /* EliminarAltsVC.swift in Sources */,
				ED2D56A12AD852C90086226C /* AppDelegate.swift in Sources */,
				ED2D56A32AD852C90086226C /* SceneDelegate.swift in Sources */,
				EDEAB70C2AF2E39800EB207C /* QuizViewModel.swift in Sources */,
				ED2D56D92AD89B240086226C /* Utils.swift in Sources */,
			);
			runOnlyForDeploymentPostprocessing = 0;
		};
		ED2D56AF2AD852CA0086226C /* Sources */ = {
			isa = PBXSourcesBuildPhase;
			buildActionMask = 2147483647;
			files = (
				ED2D56B82AD852CA0086226C /* QuizAppTests.swift in Sources */,
			);
			runOnlyForDeploymentPostprocessing = 0;
		};
		ED2D56B92AD852CA0086226C /* Sources */ = {
			isa = PBXSourcesBuildPhase;
			buildActionMask = 2147483647;
			files = (
				ED2D56C22AD852CA0086226C /* QuizAppUITests.swift in Sources */,
				ED2D56C42AD852CA0086226C /* QuizAppUITestsLaunchTests.swift in Sources */,
			);
			runOnlyForDeploymentPostprocessing = 0;
		};
/* End PBXSourcesBuildPhase section */

/* Begin PBXTargetDependency section */
		ED2D56B52AD852CA0086226C /* PBXTargetDependency */ = {
			isa = PBXTargetDependency;
			target = ED2D569C2AD852C90086226C /* QuizApp */;
			targetProxy = ED2D56B42AD852CA0086226C /* PBXContainerItemProxy */;
		};
		ED2D56BF2AD852CA0086226C /* PBXTargetDependency */ = {
			isa = PBXTargetDependency;
			target = ED2D569C2AD852C90086226C /* QuizApp */;
			targetProxy = ED2D56BE2AD852CA0086226C /* PBXContainerItemProxy */;
		};
/* End PBXTargetDependency section */

/* Begin PBXVariantGroup section */
		ED2D56A62AD852C90086226C /* Main.storyboard */ = {
			isa = PBXVariantGroup;
			children = (
				ED2D56A72AD852C90086226C /* Base */,
			);
			name = Main.storyboard;
			sourceTree = "<group>";
		};
		ED2D56AB2AD852CA0086226C /* LaunchScreen.storyboard */ = {
			isa = PBXVariantGroup;
			children = (
				ED2D56AC2AD852CA0086226C /* Base */,
			);
			name = LaunchScreen.storyboard;
			sourceTree = "<group>";
		};
/* End PBXVariantGroup section */

/* Begin XCBuildConfiguration section */
		ED2D56C52AD852CA0086226C /* Debug */ = {
			isa = XCBuildConfiguration;
			buildSettings = {
				ALWAYS_SEARCH_USER_PATHS = NO;
				ASSETCATALOG_COMPILER_GENERATE_SWIFT_ASSET_SYMBOL_EXTENSIONS = YES;
				CLANG_ANALYZER_NONNULL = YES;
				CLANG_ANALYZER_NUMBER_OBJECT_CONVERSION = YES_AGGRESSIVE;
				CLANG_CXX_LANGUAGE_STANDARD = "gnu++20";
				CLANG_ENABLE_MODULES = YES;
				CLANG_ENABLE_OBJC_ARC = YES;
				CLANG_ENABLE_OBJC_WEAK = YES;
				CLANG_WARN_BLOCK_CAPTURE_AUTORELEASING = YES;
				CLANG_WARN_BOOL_CONVERSION = YES;
				CLANG_WARN_COMMA = YES;
				CLANG_WARN_CONSTANT_CONVERSION = YES;
				CLANG_WARN_DEPRECATED_OBJC_IMPLEMENTATIONS = YES;
				CLANG_WARN_DIRECT_OBJC_ISA_USAGE = YES_ERROR;
				CLANG_WARN_DOCUMENTATION_COMMENTS = YES;
				CLANG_WARN_EMPTY_BODY = YES;
				CLANG_WARN_ENUM_CONVERSION = YES;
				CLANG_WARN_INFINITE_RECURSION = YES;
				CLANG_WARN_INT_CONVERSION = YES;
				CLANG_WARN_NON_LITERAL_NULL_CONVERSION = YES;
				CLANG_WARN_OBJC_IMPLICIT_RETAIN_SELF = YES;
				CLANG_WARN_OBJC_LITERAL_CONVERSION = YES;
				CLANG_WARN_OBJC_ROOT_CLASS = YES_ERROR;
				CLANG_WARN_QUOTED_INCLUDE_IN_FRAMEWORK_HEADER = YES;
				CLANG_WARN_RANGE_LOOP_ANALYSIS = YES;
				CLANG_WARN_STRICT_PROTOTYPES = YES;
				CLANG_WARN_SUSPICIOUS_MOVE = YES;
				CLANG_WARN_UNGUARDED_AVAILABILITY = YES_AGGRESSIVE;
				CLANG_WARN_UNREACHABLE_CODE = YES;
				CLANG_WARN__DUPLICATE_METHOD_MATCH = YES;
				COPY_PHASE_STRIP = NO;
				DEBUG_INFORMATION_FORMAT = dwarf;
				ENABLE_STRICT_OBJC_MSGSEND = YES;
				ENABLE_TESTABILITY = YES;
				ENABLE_USER_SCRIPT_SANDBOXING = YES;
				GCC_C_LANGUAGE_STANDARD = gnu17;
				GCC_DYNAMIC_NO_PIC = NO;
				GCC_NO_COMMON_BLOCKS = YES;
				GCC_OPTIMIZATION_LEVEL = 0;
				GCC_PREPROCESSOR_DEFINITIONS = (
					"DEBUG=1",
					"$(inherited)",
				);
				GCC_WARN_64_TO_32_BIT_CONVERSION = YES;
				GCC_WARN_ABOUT_RETURN_TYPE = YES_ERROR;
				GCC_WARN_UNDECLARED_SELECTOR = YES;
				GCC_WARN_UNINITIALIZED_AUTOS = YES_AGGRESSIVE;
				GCC_WARN_UNUSED_FUNCTION = YES;
				GCC_WARN_UNUSED_VARIABLE = YES;
				IPHONEOS_DEPLOYMENT_TARGET = 17.0;
				LOCALIZATION_PREFERS_STRING_CATALOGS = YES;
				MTL_ENABLE_DEBUG_INFO = INCLUDE_SOURCE;
				MTL_FAST_MATH = YES;
				ONLY_ACTIVE_ARCH = YES;
				SDKROOT = iphoneos;
				SWIFT_ACTIVE_COMPILATION_CONDITIONS = "DEBUG $(inherited)";
				SWIFT_OPTIMIZATION_LEVEL = "-Onone";
			};
			name = Debug;
		};
		ED2D56C62AD852CA0086226C /* Release */ = {
			isa = XCBuildConfiguration;
			buildSettings = {
				ALWAYS_SEARCH_USER_PATHS = NO;
				ASSETCATALOG_COMPILER_GENERATE_SWIFT_ASSET_SYMBOL_EXTENSIONS = YES;
				CLANG_ANALYZER_NONNULL = YES;
				CLANG_ANALYZER_NUMBER_OBJECT_CONVERSION = YES_AGGRESSIVE;
				CLANG_CXX_LANGUAGE_STANDARD = "gnu++20";
				CLANG_ENABLE_MODULES = YES;
				CLANG_ENABLE_OBJC_ARC = YES;
				CLANG_ENABLE_OBJC_WEAK = YES;
				CLANG_WARN_BLOCK_CAPTURE_AUTORELEASING = YES;
				CLANG_WARN_BOOL_CONVERSION = YES;
				CLANG_WARN_COMMA = YES;
				CLANG_WARN_CONSTANT_CONVERSION = YES;
				CLANG_WARN_DEPRECATED_OBJC_IMPLEMENTATIONS = YES;
				CLANG_WARN_DIRECT_OBJC_ISA_USAGE = YES_ERROR;
				CLANG_WARN_DOCUMENTATION_COMMENTS = YES;
				CLANG_WARN_EMPTY_BODY = YES;
				CLANG_WARN_ENUM_CONVERSION = YES;
				CLANG_WARN_INFINITE_RECURSION = YES;
				CLANG_WARN_INT_CONVERSION = YES;
				CLANG_WARN_NON_LITERAL_NULL_CONVERSION = YES;
				CLANG_WARN_OBJC_IMPLICIT_RETAIN_SELF = YES;
				CLANG_WARN_OBJC_LITERAL_CONVERSION = YES;
				CLANG_WARN_OBJC_ROOT_CLASS = YES_ERROR;
				CLANG_WARN_QUOTED_INCLUDE_IN_FRAMEWORK_HEADER = YES;
				CLANG_WARN_RANGE_LOOP_ANALYSIS = YES;
				CLANG_WARN_STRICT_PROTOTYPES = YES;
				CLANG_WARN_SUSPICIOUS_MOVE = YES;
				CLANG_WARN_UNGUARDED_AVAILABILITY = YES_AGGRESSIVE;
				CLANG_WARN_UNREACHABLE_CODE = YES;
				CLANG_WARN__DUPLICATE_METHOD_MATCH = YES;
				COPY_PHASE_STRIP = NO;
				DEBUG_INFORMATION_FORMAT = "dwarf-with-dsym";
				ENABLE_NS_ASSERTIONS = NO;
				ENABLE_STRICT_OBJC_MSGSEND = YES;
				ENABLE_USER_SCRIPT_SANDBOXING = YES;
				GCC_C_LANGUAGE_STANDARD = gnu17;
				GCC_NO_COMMON_BLOCKS = YES;
				GCC_WARN_64_TO_32_BIT_CONVERSION = YES;
				GCC_WARN_ABOUT_RETURN_TYPE = YES_ERROR;
				GCC_WARN_UNDECLARED_SELECTOR = YES;
				GCC_WARN_UNINITIALIZED_AUTOS = YES_AGGRESSIVE;
				GCC_WARN_UNUSED_FUNCTION = YES;
				GCC_WARN_UNUSED_VARIABLE = YES;
				IPHONEOS_DEPLOYMENT_TARGET = 17.0;
				LOCALIZATION_PREFERS_STRING_CATALOGS = YES;
				MTL_ENABLE_DEBUG_INFO = NO;
				MTL_FAST_MATH = YES;
				SDKROOT = iphoneos;
				SWIFT_COMPILATION_MODE = wholemodule;
				VALIDATE_PRODUCT = YES;
			};
			name = Release;
		};
		ED2D56C82AD852CA0086226C /* Debug */ = {
			isa = XCBuildConfiguration;
			buildSettings = {
				ASSETCATALOG_COMPILER_APPICON_NAME = AppIcon;
				ASSETCATALOG_COMPILER_GLOBAL_ACCENT_COLOR_NAME = AccentColor;
				CODE_SIGN_STYLE = Automatic;
				CURRENT_PROJECT_VERSION = 1;
				GENERATE_INFOPLIST_FILE = YES;
				INFOPLIST_FILE = QuizApp/Info.plist;
				INFOPLIST_KEY_UIApplicationSupportsIndirectInputEvents = YES;
				INFOPLIST_KEY_UILaunchStoryboardName = LaunchScreen;
				INFOPLIST_KEY_UIMainStoryboardFile = Main;
				INFOPLIST_KEY_UISupportedInterfaceOrientations_iPad = "UIInterfaceOrientationPortrait UIInterfaceOrientationPortraitUpsideDown UIInterfaceOrientationLandscapeLeft UIInterfaceOrientationLandscapeRight";
				INFOPLIST_KEY_UISupportedInterfaceOrientations_iPhone = "UIInterfaceOrientationPortrait UIInterfaceOrientationLandscapeLeft UIInterfaceOrientationLandscapeRight";
				LD_RUNPATH_SEARCH_PATHS = (
					"$(inherited)",
					"@executable_path/Frameworks",
				);
				MARKETING_VERSION = 1.0;
				PRODUCT_BUNDLE_IDENTIFIER = com.fernandomoreira.QuizApp;
				PRODUCT_NAME = "$(TARGET_NAME)";
				SWIFT_EMIT_LOC_STRINGS = YES;
				SWIFT_VERSION = 5.0;
				TARGETED_DEVICE_FAMILY = "1,2";
			};
			name = Debug;
		};
		ED2D56C92AD852CA0086226C /* Release */ = {
			isa = XCBuildConfiguration;
			buildSettings = {
				ASSETCATALOG_COMPILER_APPICON_NAME = AppIcon;
				ASSETCATALOG_COMPILER_GLOBAL_ACCENT_COLOR_NAME = AccentColor;
				CODE_SIGN_STYLE = Automatic;
				CURRENT_PROJECT_VERSION = 1;
				GENERATE_INFOPLIST_FILE = YES;
				INFOPLIST_FILE = QuizApp/Info.plist;
				INFOPLIST_KEY_UIApplicationSupportsIndirectInputEvents = YES;
				INFOPLIST_KEY_UILaunchStoryboardName = LaunchScreen;
				INFOPLIST_KEY_UIMainStoryboardFile = Main;
				INFOPLIST_KEY_UISupportedInterfaceOrientations_iPad = "UIInterfaceOrientationPortrait UIInterfaceOrientationPortraitUpsideDown UIInterfaceOrientationLandscapeLeft UIInterfaceOrientationLandscapeRight";
				INFOPLIST_KEY_UISupportedInterfaceOrientations_iPhone = "UIInterfaceOrientationPortrait UIInterfaceOrientationLandscapeLeft UIInterfaceOrientationLandscapeRight";
				LD_RUNPATH_SEARCH_PATHS = (
					"$(inherited)",
					"@executable_path/Frameworks",
				);
				MARKETING_VERSION = 1.0;
				PRODUCT_BUNDLE_IDENTIFIER = com.fernandomoreira.QuizApp;
				PRODUCT_NAME = "$(TARGET_NAME)";
				SWIFT_EMIT_LOC_STRINGS = YES;
				SWIFT_VERSION = 5.0;
				TARGETED_DEVICE_FAMILY = "1,2";
			};
			name = Release;
		};
		ED2D56CB2AD852CA0086226C /* Debug */ = {
			isa = XCBuildConfiguration;
			buildSettings = {
				ALWAYS_EMBED_SWIFT_STANDARD_LIBRARIES = YES;
				BUNDLE_LOADER = "$(TEST_HOST)";
				CODE_SIGN_STYLE = Automatic;
				CURRENT_PROJECT_VERSION = 1;
				GENERATE_INFOPLIST_FILE = YES;
				IPHONEOS_DEPLOYMENT_TARGET = 17.0;
				MARKETING_VERSION = 1.0;
				PRODUCT_BUNDLE_IDENTIFIER = com.fernandomoreira.QuizAppTests;
				PRODUCT_NAME = "$(TARGET_NAME)";
				SWIFT_EMIT_LOC_STRINGS = NO;
				SWIFT_VERSION = 5.0;
				TARGETED_DEVICE_FAMILY = "1,2";
				TEST_HOST = "$(BUILT_PRODUCTS_DIR)/QuizApp.app/$(BUNDLE_EXECUTABLE_FOLDER_PATH)/QuizApp";
			};
			name = Debug;
		};
		ED2D56CC2AD852CA0086226C /* Release */ = {
			isa = XCBuildConfiguration;
			buildSettings = {
				ALWAYS_EMBED_SWIFT_STANDARD_LIBRARIES = YES;
				BUNDLE_LOADER = "$(TEST_HOST)";
				CODE_SIGN_STYLE = Automatic;
				CURRENT_PROJECT_VERSION = 1;
				GENERATE_INFOPLIST_FILE = YES;
				IPHONEOS_DEPLOYMENT_TARGET = 17.0;
				MARKETING_VERSION = 1.0;
				PRODUCT_BUNDLE_IDENTIFIER = com.fernandomoreira.QuizAppTests;
				PRODUCT_NAME = "$(TARGET_NAME)";
				SWIFT_EMIT_LOC_STRINGS = NO;
				SWIFT_VERSION = 5.0;
				TARGETED_DEVICE_FAMILY = "1,2";
				TEST_HOST = "$(BUILT_PRODUCTS_DIR)/QuizApp.app/$(BUNDLE_EXECUTABLE_FOLDER_PATH)/QuizApp";
			};
			name = Release;
		};
		ED2D56CE2AD852CA0086226C /* Debug */ = {
			isa = XCBuildConfiguration;
			buildSettings = {
				ALWAYS_EMBED_SWIFT_STANDARD_LIBRARIES = YES;
				CODE_SIGN_STYLE = Automatic;
				CURRENT_PROJECT_VERSION = 1;
				GENERATE_INFOPLIST_FILE = YES;
				MARKETING_VERSION = 1.0;
				PRODUCT_BUNDLE_IDENTIFIER = com.fernandomoreira.QuizAppUITests;
				PRODUCT_NAME = "$(TARGET_NAME)";
				SWIFT_EMIT_LOC_STRINGS = NO;
				SWIFT_VERSION = 5.0;
				TARGETED_DEVICE_FAMILY = "1,2";
				TEST_TARGET_NAME = QuizApp;
			};
			name = Debug;
		};
		ED2D56CF2AD852CA0086226C /* Release */ = {
			isa = XCBuildConfiguration;
			buildSettings = {
				ALWAYS_EMBED_SWIFT_STANDARD_LIBRARIES = YES;
				CODE_SIGN_STYLE = Automatic;
				CURRENT_PROJECT_VERSION = 1;
				GENERATE_INFOPLIST_FILE = YES;
				MARKETING_VERSION = 1.0;
				PRODUCT_BUNDLE_IDENTIFIER = com.fernandomoreira.QuizAppUITests;
				PRODUCT_NAME = "$(TARGET_NAME)";
				SWIFT_EMIT_LOC_STRINGS = NO;
				SWIFT_VERSION = 5.0;
				TARGETED_DEVICE_FAMILY = "1,2";
				TEST_TARGET_NAME = QuizApp;
			};
			name = Release;
		};
/* End XCBuildConfiguration section */

/* Begin XCConfigurationList section */
		ED2D56982AD852C90086226C /* Build configuration list for PBXProject "QuizApp" */ = {
			isa = XCConfigurationList;
			buildConfigurations = (
				ED2D56C52AD852CA0086226C /* Debug */,
				ED2D56C62AD852CA0086226C /* Release */,
			);
			defaultConfigurationIsVisible = 0;
			defaultConfigurationName = Release;
		};
		ED2D56C72AD852CA0086226C /* Build configuration list for PBXNativeTarget "QuizApp" */ = {
			isa = XCConfigurationList;
			buildConfigurations = (
				ED2D56C82AD852CA0086226C /* Debug */,
				ED2D56C92AD852CA0086226C /* Release */,
			);
			defaultConfigurationIsVisible = 0;
			defaultConfigurationName = Release;
		};
		ED2D56CA2AD852CA0086226C /* Build configuration list for PBXNativeTarget "QuizAppTests" */ = {
			isa = XCConfigurationList;
			buildConfigurations = (
				ED2D56CB2AD852CA0086226C /* Debug */,
				ED2D56CC2AD852CA0086226C /* Release */,
			);
			defaultConfigurationIsVisible = 0;
			defaultConfigurationName = Release;
		};
		ED2D56CD2AD852CA0086226C /* Build configuration list for PBXNativeTarget "QuizAppUITests" */ = {
			isa = XCConfigurationList;
			buildConfigurations = (
				ED2D56CE2AD852CA0086226C /* Debug */,
				ED2D56CF2AD852CA0086226C /* Release */,
			);
			defaultConfigurationIsVisible = 0;
			defaultConfigurationName = Release;
		};
/* End XCConfigurationList section */
	};
	rootObject = ED2D56952AD852C90086226C /* Project object */;
}
